
Microsoft Visual Studio Solution File, Format Version 12.00
# Visual Studio 15
VisualStudioVersion = 15.0.27004.2006
MinimumVisualStudioVersion = 10.0.40219.1
Project("{FAE04EC0-301F-11D3-BF4B-00C04F79EFBC}") = "server.api", "server\server.api.csproj", "{4D7EE094-C0C8-4809-B2DF-1F903B0BED51}"
EndProject
Project("{FAE04EC0-301F-11D3-BF4B-00C04F79EFBC}") = "server.data", "server.data\server.data.csproj", "{C9144448-DC6C-4E0F-8539-A828966E7C2B}"
EndProject
Project("{FAE04EC0-301F-11D3-BF4B-00C04F79EFBC}") = "server.services", "server.services\server.services.csproj", "{87A57D5A-F985-46A2-B914-19E7BEE942E6}"
EndProject
Project("{FAE04EC0-301F-11D3-BF4B-00C04F79EFBC}") = "server.shared", "server.shared\server.shared.csproj", "{610F689E-913A-4BF5-A79D-7C6C8076BDEB}"
EndProject
Project("{FAE04EC0-301F-11D3-BF4B-00C04F79EFBC}") = "server.UnitTest", "server.UnitTest\server.UnitTest.csproj", "{C5FE8CF7-368A-4CEA-83D2-359061433D03}"
EndProject
Global
	GlobalSection(SolutionConfigurationPlatforms) = preSolution
		Debug|Any CPU = Debug|Any CPU
		Release|Any CPU = Release|Any CPU
	EndGlobalSection
	GlobalSection(ProjectConfigurationPlatforms) = postSolution
		{4D7EE094-C0C8-4809-B2DF-1F903B0BED51}.Debug|Any CPU.ActiveCfg = Debug|Any CPU
		{4D7EE094-C0C8-4809-B2DF-1F903B0BED51}.Debug|Any CPU.Build.0 = Debug|Any CPU
		{4D7EE094-C0C8-4809-B2DF-1F903B0BED51}.Release|Any CPU.ActiveCfg = Release|Any CPU
		{4D7EE094-C0C8-4809-B2DF-1F903B0BED51}.Release|Any CPU.Build.0 = Release|Any CPU
		{C9144448-DC6C-4E0F-8539-A828966E7C2B}.Debug|Any CPU.ActiveCfg = Debug|Any CPU
		{C9144448-DC6C-4E0F-8539-A828966E7C2B}.Debug|Any CPU.Build.0 = Debug|Any CPU
		{C9144448-DC6C-4E0F-8539-A828966E7C2B}.Release|Any CPU.ActiveCfg = Release|Any CPU
		{C9144448-DC6C-4E0F-8539-A828966E7C2B}.Release|Any CPU.Build.0 = Release|Any CPU
		{87A57D5A-F985-46A2-B914-19E7BEE942E6}.Debug|Any CPU.ActiveCfg = Debug|Any CPU
		{87A57D5A-F985-46A2-B914-19E7BEE942E6}.Debug|Any CPU.Build.0 = Debug|Any CPU
		{87A57D5A-F985-46A2-B914-19E7BEE942E6}.Release|Any CPU.ActiveCfg = Release|Any CPU
		{87A57D5A-F985-46A2-B914-19E7BEE942E6}.Release|Any CPU.Build.0 = Release|Any CPU
		{610F689E-913A-4BF5-A79D-7C6C8076BDEB}.Debug|Any CPU.ActiveCfg = Debug|Any CPU
		{610F689E-913A-4BF5-A79D-7C6C8076BDEB}.Debug|Any CPU.Build.0 = Debug|Any CPU
		{610F689E-913A-4BF5-A79D-7C6C8076BDEB}.Release|Any CPU.ActiveCfg = Release|Any CPU
		{610F689E-913A-4BF5-A79D-7C6C8076BDEB}.Release|Any CPU.Build.0 = Release|Any CPU
		{C5FE8CF7-368A-4CEA-83D2-359061433D03}.Debug|Any CPU.ActiveCfg = Debug|Any CPU
		{C5FE8CF7-368A-4CEA-83D2-359061433D03}.Debug|Any CPU.Build.0 = Debug|Any CPU
		{C5FE8CF7-368A-4CEA-83D2-359061433D03}.Release|Any CPU.ActiveCfg = Release|Any CPU
		{C5FE8CF7-368A-4CEA-83D2-359061433D03}.Release|Any CPU.Build.0 = Release|Any CPU
	EndGlobalSection
	GlobalSection(SolutionProperties) = preSolution
		HideSolutionNode = FALSE
	EndGlobalSection
	GlobalSection(ExtensibilityGlobals) = postSolution
		SolutionGuid = {1D44FB97-CE73-486D-AE41-74158C017343}
	EndGlobalSection
EndGlobal
